// !$*UTF8*$!
{
	archiveVersion = 1;
	classes = {
	};
	objectVersion = 46;
	objects = {

/* Begin PBXBuildFile section */
		D762BE5F1A24FDA9004123B8 /* ThreadManager.cpp in Sources */ = {isa = PBXBuildFile; fileRef = D762BE551A24FDA9004123B8 /* ThreadManager.cpp */; };
		D762BE611A24FDA9004123B8 /* Interface.cpp in Sources */ = {isa = PBXBuildFile; fileRef = D762BE5B1A24FDA9004123B8 /* Interface.cpp */; };
		D762BE6E1A24FDD3004123B8 /* client.cpp in Sources */ = {isa = PBXBuildFile; fileRef = D762BE501A24FDA9004123B8 /* client.cpp */; };
		D762BE6F1A250162004123B8 /* ClientConnexion.cpp in Sources */ = {isa = PBXBuildFile; fileRef = D762BE581A24FDA9004123B8 /* ClientConnexion.cpp */; };
		D762BE701A250168004123B8 /* ThreadManager.cpp in Sources */ = {isa = PBXBuildFile; fileRef = D762BE551A24FDA9004123B8 /* ThreadManager.cpp */; };
		D762BE721A2501A7004123B8 /* serveur.cpp in Sources */ = {isa = PBXBuildFile; fileRef = D762BE5D1A24FDA9004123B8 /* serveur.cpp */; };
/* End PBXBuildFile section */

/* Begin PBXCopyFilesBuildPhase section */
		D762BE441A24FD7B004123B8 /* CopyFiles */ = {
			isa = PBXCopyFilesBuildPhase;
			buildActionMask = 2147483647;
			dstPath = /usr/share/man/man1/;
			dstSubfolderSpec = 0;
			files = (
			);
			runOnlyForDeploymentPostprocessing = 1;
		};
		D762BE651A24FDBD004123B8 /* CopyFiles */ = {
			isa = PBXCopyFilesBuildPhase;
			buildActionMask = 2147483647;
			dstPath = /usr/share/man/man1/;
			dstSubfolderSpec = 0;
			files = (
			);
			runOnlyForDeploymentPostprocessing = 1;
		};
/* End PBXCopyFilesBuildPhase section */

/* Begin PBXFileReference section */
		D762BE461A24FD7B004123B8 /* projet_xcode */ = {isa = PBXFileReference; explicitFileType = "compiled.mach-o.executable"; includeInIndex = 0; path = projet_xcode; sourceTree = BUILT_PRODUCTS_DIR; };
		D762BE501A24FDA9004123B8 /* client.cpp */ = {isa = PBXFileReference; fileEncoding = 4; lastKnownFileType = sourcecode.cpp.cpp; name = client.cpp; path = ../projet_xcode/client.cpp; sourceTree = "<group>"; };
		D762BE521A24FDA9004123B8 /* constantes.h */ = {isa = PBXFileReference; fileEncoding = 4; lastKnownFileType = sourcecode.c.h; path = constantes.h; sourceTree = "<group>"; };
		D762BE531A24FDA9004123B8 /* header-commun.h */ = {isa = PBXFileReference; fileEncoding = 4; lastKnownFileType = sourcecode.c.h; path = "header-commun.h"; sourceTree = "<group>"; };
		D762BE541A24FDA9004123B8 /* includes.h */ = {isa = PBXFileReference; fileEncoding = 4; lastKnownFileType = sourcecode.c.h; path = includes.h; sourceTree = "<group>"; };
		D762BE551A24FDA9004123B8 /* ThreadManager.cpp */ = {isa = PBXFileReference; fileEncoding = 4; lastKnownFileType = sourcecode.cpp.cpp; path = ThreadManager.cpp; sourceTree = "<group>"; };
		D762BE561A24FDA9004123B8 /* ThreadManager.h */ = {isa = PBXFileReference; fileEncoding = 4; lastKnownFileType = sourcecode.c.h; path = ThreadManager.h; sourceTree = "<group>"; };
		D762BE581A24FDA9004123B8 /* ClientConnexion.cpp */ = {isa = PBXFileReference; fileEncoding = 4; lastKnownFileType = sourcecode.cpp.cpp; path = ClientConnexion.cpp; sourceTree = "<group>"; };
		D762BE591A24FDA9004123B8 /* ClientConnexion.h */ = {isa = PBXFileReference; fileEncoding = 4; lastKnownFileType = sourcecode.c.h; path = ClientConnexion.h; sourceTree = "<group>"; };
		D762BE5A1A24FDA9004123B8 /* includes-serveur.h */ = {isa = PBXFileReference; fileEncoding = 4; lastKnownFileType = sourcecode.c.h; path = "includes-serveur.h"; sourceTree = "<group>"; };
		D762BE5B1A24FDA9004123B8 /* Interface.cpp */ = {isa = PBXFileReference; fileEncoding = 4; lastKnownFileType = sourcecode.cpp.cpp; path = Interface.cpp; sourceTree = "<group>"; };
		D762BE5C1A24FDA9004123B8 /* Interface.h */ = {isa = PBXFileReference; fileEncoding = 4; lastKnownFileType = sourcecode.c.h; path = Interface.h; sourceTree = "<group>"; };
		D762BE5D1A24FDA9004123B8 /* serveur.cpp */ = {isa = PBXFileReference; fileEncoding = 4; lastKnownFileType = sourcecode.cpp.cpp; path = serveur.cpp; sourceTree = "<group>"; };
		D762BE671A24FDBD004123B8 /* client */ = {isa = PBXFileReference; explicitFileType = "compiled.mach-o.executable"; includeInIndex = 0; path = client; sourceTree = BUILT_PRODUCTS_DIR; };
/* End PBXFileReference section */

/* Begin PBXFrameworksBuildPhase section */
		D762BE431A24FD7B004123B8 /* Frameworks */ = {
			isa = PBXFrameworksBuildPhase;
			buildActionMask = 2147483647;
			files = (
			);
			runOnlyForDeploymentPostprocessing = 0;
		};
		D762BE641A24FDBD004123B8 /* Frameworks */ = {
			isa = PBXFrameworksBuildPhase;
			buildActionMask = 2147483647;
			files = (
			);
			runOnlyForDeploymentPostprocessing = 0;
		};
/* End PBXFrameworksBuildPhase section */

/* Begin PBXGroup section */
		D762BE3D1A24FD7B004123B8 = {
			isa = PBXGroup;
			children = (
				D762BE481A24FD7B004123B8 /* projet_xcode */,
				D762BE681A24FDBD004123B8 /* client */,
				D762BE471A24FD7B004123B8 /* Products */,
			);
			sourceTree = "<group>";
		};
		D762BE471A24FD7B004123B8 /* Products */ = {
			isa = PBXGroup;
			children = (
				D762BE461A24FD7B004123B8 /* projet_xcode */,
				D762BE671A24FDBD004123B8 /* client */,
			);
			name = Products;
			sourceTree = "<group>";
		};
		D762BE481A24FD7B004123B8 /* projet_xcode */ = {
			isa = PBXGroup;
			children = (
				D762BE511A24FDA9004123B8 /* commun */,
				D762BE571A24FDA9004123B8 /* serveur */,
				D762BE5D1A24FDA9004123B8 /* serveur.cpp */,
			);
			path = projet_xcode;
			sourceTree = "<group>";
		};
		D762BE511A24FDA9004123B8 /* commun */ = {
			isa = PBXGroup;
			children = (
				D762BE521A24FDA9004123B8 /* constantes.h */,
				D762BE531A24FDA9004123B8 /* header-commun.h */,
				D762BE541A24FDA9004123B8 /* includes.h */,
				D762BE551A24FDA9004123B8 /* ThreadManager.cpp */,
				D762BE561A24FDA9004123B8 /* ThreadManager.h */,
			);
			path = commun;
			sourceTree = "<group>";
		};
		D762BE571A24FDA9004123B8 /* serveur */ = {
			isa = PBXGroup;
			children = (
				D762BE581A24FDA9004123B8 /* ClientConnexion.cpp */,
				D762BE591A24FDA9004123B8 /* ClientConnexion.h */,
				D762BE5A1A24FDA9004123B8 /* includes-serveur.h */,
				D762BE5B1A24FDA9004123B8 /* Interface.cpp */,
				D762BE5C1A24FDA9004123B8 /* Interface.h */,
			);
			path = serveur;
			sourceTree = "<group>";
		};
		D762BE681A24FDBD004123B8 /* client */ = {
			isa = PBXGroup;
			children = (
				D762BE501A24FDA9004123B8 /* client.cpp */,
			);
			path = client;
			sourceTree = "<group>";
		};
/* End PBXGroup section */

/* Begin PBXNativeTarget section */
		D762BE451A24FD7B004123B8 /* projet_xcode */ = {
			isa = PBXNativeTarget;
			buildConfigurationList = D762BE4D1A24FD7B004123B8 /* Build configuration list for PBXNativeTarget "projet_xcode" */;
			buildPhases = (
				D762BE421A24FD7B004123B8 /* Sources */,
				D762BE431A24FD7B004123B8 /* Frameworks */,
				D762BE441A24FD7B004123B8 /* CopyFiles */,
			);
			buildRules = (
			);
			dependencies = (
			);
			name = projet_xcode;
			productName = projet_xcode;
			productReference = D762BE461A24FD7B004123B8 /* projet_xcode */;
			productType = "com.apple.product-type.tool";
		};
		D762BE661A24FDBD004123B8 /* client */ = {
			isa = PBXNativeTarget;
			buildConfigurationList = D762BE6B1A24FDBD004123B8 /* Build configuration list for PBXNativeTarget "client" */;
			buildPhases = (
				D762BE631A24FDBD004123B8 /* Sources */,
				D762BE641A24FDBD004123B8 /* Frameworks */,
				D762BE651A24FDBD004123B8 /* CopyFiles */,
			);
			buildRules = (
			);
			dependencies = (
			);
			name = client;
			productName = client;
			productReference = D762BE671A24FDBD004123B8 /* client */;
			productType = "com.apple.product-type.tool";
		};
/* End PBXNativeTarget section */

/* Begin PBXProject section */
		D762BE3E1A24FD7B004123B8 /* Project object */ = {
			isa = PBXProject;
			attributes = {
				LastUpgradeCheck = 0610;
				ORGANIZATIONNAME = "Stéphane";
				TargetAttributes = {
					D762BE451A24FD7B004123B8 = {
						CreatedOnToolsVersion = 6.1;
					};
					D762BE661A24FDBD004123B8 = {
						CreatedOnToolsVersion = 6.1;
					};
				};
			};
			buildConfigurationList = D762BE411A24FD7B004123B8 /* Build configuration list for PBXProject "projet_xcode" */;
			compatibilityVersion = "Xcode 3.2";
			developmentRegion = English;
			hasScannedForEncodings = 0;
			knownRegions = (
				en,
			);
			mainGroup = D762BE3D1A24FD7B004123B8;
			productRefGroup = D762BE471A24FD7B004123B8 /* Products */;
			projectDirPath = "";
			projectRoot = "";
			targets = (
				D762BE451A24FD7B004123B8 /* projet_xcode */,
				D762BE661A24FDBD004123B8 /* client */,
			);
		};
/* End PBXProject section */

/* Begin PBXSourcesBuildPhase section */
		D762BE421A24FD7B004123B8 /* Sources */ = {
			isa = PBXSourcesBuildPhase;
			buildActionMask = 2147483647;
			files = (
				D762BE721A2501A7004123B8 /* serveur.cpp in Sources */,
				D762BE6F1A250162004123B8 /* ClientConnexion.cpp in Sources */,
				D762BE5F1A24FDA9004123B8 /* ThreadManager.cpp in Sources */,
				D762BE611A24FDA9004123B8 /* Interface.cpp in Sources */,
			);
			runOnlyForDeploymentPostprocessing = 0;
		};
		D762BE631A24FDBD004123B8 /* Sources */ = {
			isa = PBXSourcesBuildPhase;
			buildActionMask = 2147483647;
			files = (
				D762BE6E1A24FDD3004123B8 /* client.cpp in Sources */,
				D762BE701A250168004123B8 /* ThreadManager.cpp in Sources */,
			);
			runOnlyForDeploymentPostprocessing = 0;
		};
/* End PBXSourcesBuildPhase section */

/* Begin XCBuildConfiguration section */
		D762BE4B1A24FD7B004123B8 /* Debug */ = {
			isa = XCBuildConfiguration;
			buildSettings = {
				ALWAYS_SEARCH_USER_PATHS = NO;
				CLANG_CXX_LANGUAGE_STANDARD = "gnu++0x";
				CLANG_CXX_LIBRARY = "libc++";
				CLANG_ENABLE_MODULES = YES;
				CLANG_ENABLE_OBJC_ARC = YES;
				CLANG_WARN_BOOL_CONVERSION = YES;
				CLANG_WARN_CONSTANT_CONVERSION = YES;
				CLANG_WARN_DIRECT_OBJC_ISA_USAGE = YES_ERROR;
				CLANG_WARN_EMPTY_BODY = YES;
				CLANG_WARN_ENUM_CONVERSION = YES;
				CLANG_WARN_INT_CONVERSION = YES;
				CLANG_WARN_OBJC_ROOT_CLASS = YES_ERROR;
				CLANG_WARN_UNREACHABLE_CODE = YES;
				CLANG_WARN__DUPLICATE_METHOD_MATCH = YES;
				COPY_PHASE_STRIP = NO;
				ENABLE_STRICT_OBJC_MSGSEND = YES;
				GCC_C_LANGUAGE_STANDARD = gnu99;
				GCC_DYNAMIC_NO_PIC = NO;
				GCC_OPTIMIZATION_LEVEL = 0;
				GCC_PREPROCESSOR_DEFINITIONS = (
					"DEBUG=1",
					"$(inherited)",
				);
				GCC_SYMBOLS_PRIVATE_EXTERN = NO;
				GCC_WARN_64_TO_32_BIT_CONVERSION = YES;
				GCC_WARN_ABOUT_RETURN_TYPE = YES_ERROR;
				GCC_WARN_UNDECLARED_SELECTOR = YES;
				GCC_WARN_UNINITIALIZED_AUTOS = YES_AGGRESSIVE;
				GCC_WARN_UNUSED_FUNCTION = YES;
				GCC_WARN_UNUSED_VARIABLE = YES;
				MACOSX_DEPLOYMENT_TARGET = 10.10;
				MTL_ENABLE_DEBUG_INFO = YES;
				ONLY_ACTIVE_ARCH = YES;
				SDKROOT = macosx;
			};
			name = Debug;
		};
		D762BE4C1A24FD7B004123B8 /* Release */ = {
			isa = XCBuildConfiguration;
			buildSettings = {
				ALWAYS_SEARCH_USER_PATHS = NO;
				CLANG_CXX_LANGUAGE_STANDARD = "gnu++0x";
				CLANG_CXX_LIBRARY = "libc++";
				CLANG_ENABLE_MODULES = YES;
				CLANG_ENABLE_OBJC_ARC = YES;
				CLANG_WARN_BOOL_CONVERSION = YES;
				CLANG_WARN_CONSTANT_CONVERSION = YES;
				CLANG_WARN_DIRECT_OBJC_ISA_USAGE = YES_ERROR;
				CLANG_WARN_EMPTY_BODY = YES;
				CLANG_WARN_ENUM_CONVERSION = YES;
				CLANG_WARN_INT_CONVERSION = YES;
				CLANG_WARN_OBJC_ROOT_CLASS = YES_ERROR;
				CLANG_WARN_UNREACHABLE_CODE = YES;
				CLANG_WARN__DUPLICATE_METHOD_MATCH = YES;
				COPY_PHASE_STRIP = YES;
				DEBUG_INFORMATION_FORMAT = "dwarf-with-dsym";
				ENABLE_NS_ASSERTIONS = NO;
				ENABLE_STRICT_OBJC_MSGSEND = YES;
				GCC_C_LANGUAGE_STANDARD = gnu99;
				GCC_WARN_64_TO_32_BIT_CONVERSION = YES;
				GCC_WARN_ABOUT_RETURN_TYPE = YES_ERROR;
				GCC_WARN_UNDECLARED_SELECTOR = YES;
				GCC_WARN_UNINITIALIZED_AUTOS = YES_AGGRESSIVE;
				GCC_WARN_UNUSED_FUNCTION = YES;
				GCC_WARN_UNUSED_VARIABLE = YES;
				MACOSX_DEPLOYMENT_TARGET = 10.10;
				MTL_ENABLE_DEBUG_INFO = NO;
				SDKROOT = macosx;
			};
			name = Release;
		};
		D762BE4E1A24FD7B004123B8 /* Debug */ = {
			isa = XCBuildConfiguration;
			buildSettings = {
				PRODUCT_NAME = "$(TARGET_NAME)";
			};
			name = Debug;
		};
		D762BE4F1A24FD7B004123B8 /* Release */ = {
			isa = XCBuildConfiguration;
			buildSettings = {
				PRODUCT_NAME = "$(TARGET_NAME)";
			};
			name = Release;
		};
		D762BE6C1A24FDBD004123B8 /* Debug */ = {
			isa = XCBuildConfiguration;
			buildSettings = {
				GCC_PREPROCESSOR_DEFINITIONS = (
					"DEBUG=1",
					"$(inherited)",
				);
				PRODUCT_NAME = "$(TARGET_NAME)";
			};
			name = Debug;
		};
		D762BE6D1A24FDBD004123B8 /* Release */ = {
			isa = XCBuildConfiguration;
			buildSettings = {
				PRODUCT_NAME = "$(TARGET_NAME)";
			};
			name = Release;
		};
/* End XCBuildConfiguration section */

/* Begin XCConfigurationList section */
		D762BE411A24FD7B004123B8 /* Build configuration list for PBXProject "projet_xcode" */ = {
			isa = XCConfigurationList;
			buildConfigurations = (
				D762BE4B1A24FD7B004123B8 /* Debug */,
				D762BE4C1A24FD7B004123B8 /* Release */,
			);
			defaultConfigurationIsVisible = 0;
			defaultConfigurationName = Release;
		};
		D762BE4D1A24FD7B004123B8 /* Build configuration list for PBXNativeTarget "projet_xcode" */ = {
			isa = XCConfigurationList;
			buildConfigurations = (
				D762BE4E1A24FD7B004123B8 /* Debug */,
				D762BE4F1A24FD7B004123B8 /* Release */,
			);
			defaultConfigurationIsVisible = 0;
		};
		D762BE6B1A24FDBD004123B8 /* Build configuration list for PBXNativeTarget "client" */ = {
			isa = XCConfigurationList;
			buildConfigurations = (
				D762BE6C1A24FDBD004123B8 /* Debug */,
				D762BE6D1A24FDBD004123B8 /* Release */,
			);
			defaultConfigurationIsVisible = 0;
		};
/* End XCConfigurationList section */
	};
	rootObject = D762BE3E1A24FD7B004123B8 /* Project object */;
}
